
Microsoft Visual Studio Solution File, Format Version 12.00
# Visual Studio Version 17
VisualStudioVersion = 17.5.002.0
MinimumVisualStudioVersion = 10.0.40219.1
Project("{9A19103F-16F7-4668-BE54-9A1E7A4F7556}") = "FinancialReportingBackend", "FinancialReportingBackend\FinancialReportingBackend.csproj", "{F5C78F70-52AC-4E64-8B35-C1A398193590}"
EndProject
Global
	GlobalSection(SolutionConfigurationPlatforms) = preSolution
		Debug|Any CPU = Debug|Any CPU
		Release|Any CPU = Release|Any CPU
	EndGlobalSection
	GlobalSection(ProjectConfigurationPlatforms) = postSolution
		{F5C78F70-52AC-4E64-8B35-C1A398193590}.Debug|Any CPU.ActiveCfg = Debug|Any CPU
		{F5C78F70-52AC-4E64-8B35-C1A398193590}.Debug|Any CPU.Build.0 = Debug|Any CPU
		{F5C78F70-52AC-4E64-8B35-C1A398193590}.Release|Any CPU.ActiveCfg = Release|Any CPU
		{F5C78F70-52AC-4E64-8B35-C1A398193590}.Release|Any CPU.Build.0 = Release|Any CPU
	EndGlobalSection
	GlobalSection(SolutionProperties) = preSolution
		HideSolutionNode = FALSE
	EndGlobalSection
	GlobalSection(ExtensibilityGlobals) = postSolution
		SolutionGuid = {F5B58EAC-E787-4668-A190-6CC7BFE47DC9}
	EndGlobalSection
EndGlobal
